<?xml version="1.0" encoding="utf-8"?>
<Project ToolsVersion="4.0" xmlns="http://schemas.microsoft.com/developer/msbuild/2003">
  <ItemGroup>
    <Filter Include="Source Files">
      <UniqueIdentifier>{4FC737F1-C7A5-4376-A066-2A32D752A2FF}</UniqueIdentifier>
      <Extensions>cpp;c;cc;cxx;def;odl;idl;hpj;bat;asm;asmx</Extensions>
    </Filter>
    <Filter Include="Header Files">
      <UniqueIdentifier>{93995380-89BD-4b04-88EB-625FBE52EBFB}</UniqueIdentifier>
      <Extensions>h;hpp;hxx;hm;inl;inc;xsd</Extensions>
    </Filter>
    <Filter Include="Resource Files">
      <UniqueIdentifier>{67DA6AB6-F800-4c08-8B7A-83BB121AAD01}</UniqueIdentifier>
      <Extensions>rc;ico;cur;bmp;dlg;rc2;rct;bin;rgs;gif;jpg;jpeg;jpe;resx;tiff;tif;png;wav</Extensions>
    </Filter>
  </ItemGroup>
  <ItemGroup>
    <ClCompile Include="attack.cpp">
      <Filter>Source Files</Filter>
    </ClCompile>
    <ClCompile Include="battle.cpp">
      <Filter>Source Files</Filter>
    </ClCompile>
    <ClCompile Include="battlePlayer.cpp">
      <Filter>Source Files</Filter>
    </ClCompile>
    <ClCompile Include="chat.cpp">
      <Filter>Source Files</Filter>
    </ClCompile>
    <ClCompile Include="client.cpp">
      <Filter>Source Files</Filter>
    </ClCompile>
    <ClCompile Include="commands.cpp">
      <Filter>Source Files</Filter>
    </ClCompile>
    <ClCompile Include="configmanager.cpp">
      <Filter>Source Files</Filter>
    </ClCompile>
    <ClCompile Include="container.cpp">
      <Filter>Source Files</Filter>
    </ClCompile>
    <ClCompile Include="creature.cpp">
      <Filter>Source Files</Filter>
    </ClCompile>
    <ClCompile Include="cylinder.cpp">
      <Filter>Source Files</Filter>
    </ClCompile>
    <ClCompile Include="database.cpp">
      <Filter>Source Files</Filter>
    </ClCompile>
    <ClCompile Include="depot.cpp">
      <Filter>Source Files</Filter>
    </ClCompile>
    <ClCompile Include="game.cpp">
      <Filter>Source Files</Filter>
    </ClCompile>
    <ClCompile Include="gameText.cpp">
      <Filter>Source Files</Filter>
    </ClCompile>
    <ClCompile Include="item.cpp">
      <Filter>Source Files</Filter>
    </ClCompile>
    <ClCompile Include="items.cpp">
      <Filter>Source Files</Filter>
    </ClCompile>
    <ClCompile Include="logwriter.cpp">
      <Filter>Source Files</Filter>
    </ClCompile>
    <ClCompile Include="luascript.cpp">
      <Filter>Source Files</Filter>
    </ClCompile>
    <ClCompile Include="map.cpp">
      <Filter>Source Files</Filter>
    </ClCompile>
    <ClCompile Include="md5.cpp">
      <Filter>Source Files</Filter>
    </ClCompile>
    <ClCompile Include="md5wrapper.cpp">
      <Filter>Source Files</Filter>
    </ClCompile>
    <ClCompile Include="npc.cpp">
      <Filter>Source Files</Filter>
    </ClCompile>
    <ClCompile Include="packet.cpp">
      <Filter>Source Files</Filter>
    </ClCompile>
    <ClCompile Include="player.cpp">
      <Filter>Source Files</Filter>
    </ClCompile>
    <ClCompile Include="pokecenter.cpp">
      <Filter>Source Files</Filter>
    </ClCompile>
    <ClCompile Include="pokecode.cpp">
      <Filter>Source Files</Filter>
    </ClCompile>
    <ClCompile Include="pokemon.cpp">
      <Filter>Source Files</Filter>
    </ClCompile>
    <ClCompile Include="puserver.cpp">
      <Filter>Source Files</Filter>
    </ClCompile>
    <ClCompile Include="quest.cpp">
      <Filter>Source Files</Filter>
    </ClCompile>
    <ClCompile Include="serverthread.cpp">
      <Filter>Source Files</Filter>
    </ClCompile>
    <ClCompile Include="statcalculator.cpp">
      <Filter>Source Files</Filter>
    </ClCompile>
    <ClCompile Include="thing.cpp">
      <Filter>Source Files</Filter>
    </ClCompile>
    <ClCompile Include="tile.cpp">
      <Filter>Source Files</Filter>
    </ClCompile>
    <ClCompile Include="tools.cpp">
      <Filter>Source Files</Filter>
    </ClCompile>
  </ItemGroup>
  <ItemGroup>
    <ClInclude Include="attack.h">
      <Filter>Header Files</Filter>
    </ClInclude>
    <ClInclude Include="battle.h">
      <Filter>Header Files</Filter>
    </ClInclude>
    <ClInclude Include="battleevents.h">
      <Filter>Header Files</Filter>
    </ClInclude>
    <ClInclude Include="battlePlayer.h">
      <Filter>Header Files</Filter>
    </ClInclude>
    <ClInclude Include="chat.h">
      <Filter>Header Files</Filter>
    </ClInclude>
    <ClInclude Include="client.h">
      <Filter>Header Files</Filter>
    </ClInclude>
    <ClInclude Include="commands.h">
      <Filter>Header Files</Filter>
    </ClInclude>
    <ClInclude Include="configmanager.h">
      <Filter>Header Files</Filter>
    </ClInclude>
    <ClInclude Include="container.h">
      <Filter>Header Files</Filter>
    </ClInclude>
    <ClInclude Include="creature.h">
      <Filter>Header Files</Filter>
    </ClInclude>
    <ClInclude Include="cylinder.h">
      <Filter>Header Files</Filter>
    </ClInclude>
    <ClInclude Include="database.h">
      <Filter>Header Files</Filter>
    </ClInclude>
    <ClInclude Include="definitions.h">
      <Filter>Header Files</Filter>
    </ClInclude>
    <ClInclude Include="depot.h">
      <Filter>Header Files</Filter>
    </ClInclude>
    <ClInclude Include="enums.h">
      <Filter>Header Files</Filter>
    </ClInclude>
    <ClInclude Include="filesystem.h">
      <Filter>Header Files</Filter>
    </ClInclude>
    <ClInclude Include="game.h">
      <Filter>Header Files</Filter>
    </ClInclude>
    <ClInclude Include="gametext.h">
      <Filter>Header Files</Filter>
    </ClInclude>
    <ClInclude Include="global.h">
      <Filter>Header Files</Filter>
    </ClInclude>
    <ClInclude Include="items.h">
      <Filter>Header Files</Filter>
    </ClInclude>
    <ClInclude Include="logwriter.h">
      <Filter>Header Files</Filter>
    </ClInclude>
    <ClInclude Include="luascript.h">
      <Filter>Header Files</Filter>
    </ClInclude>
    <ClInclude Include="map.h">
      <Filter>Header Files</Filter>
    </ClInclude>
    <ClInclude Include="md5.h">
      <Filter>Header Files</Filter>
    </ClInclude>
    <ClInclude Include="md5wrapper.h">
      <Filter>Header Files</Filter>
    </ClInclude>
    <ClInclude Include="npc.h">
      <Filter>Header Files</Filter>
    </ClInclude>
    <ClInclude Include="packet.h">
      <Filter>Header Files</Filter>
    </ClInclude>
    <ClInclude Include="player.h">
      <Filter>Header Files</Filter>
    </ClInclude>
    <ClInclude Include="pokecenter.h">
      <Filter>Header Files</Filter>
    </ClInclude>
    <ClInclude Include="pokecode.h">
      <Filter>Header Files</Filter>
    </ClInclude>
    <ClInclude Include="pokemon.h">
      <Filter>Header Files</Filter>
    </ClInclude>
    <ClInclude Include="position.h">
      <Filter>Header Files</Filter>
    </ClInclude>
    <ClInclude Include="pusocket.h">
      <Filter>Header Files</Filter>
    </ClInclude>
    <ClInclude Include="quest.h">
      <Filter>Header Files</Filter>
    </ClInclude>
    <ClInclude Include="resource.h">
      <Filter>Header Files</Filter>
    </ClInclude>
    <ClInclude Include="serverthread.h">
      <Filter>Header Files</Filter>
    </ClInclude>
    <ClInclude Include="statcalculator.h">
      <Filter>Header Files</Filter>
    </ClInclude>
    <ClInclude Include="template.h">
      <Filter>Header Files</Filter>
    </ClInclude>
    <ClInclude Include="thing.h">
      <Filter>Header Files</Filter>
    </ClInclude>
    <ClInclude Include="tile.h">
      <Filter>Header Files</Filter>
    </ClInclude>
    <ClInclude Include="tools.h">
      <Filter>Header Files</Filter>
    </ClInclude>
    <ClInclude Include="towns.h">
      <Filter>Header Files</Filter>
    </ClInclude>
  </ItemGroup>
  <ItemGroup>
    <None Include="icon.ico">
      <Filter>Resource Files</Filter>
    </None>
  </ItemGroup>
  <ItemGroup>
    <ResourceCompile Include="puserver.rc">
      <Filter>Resource Files</Filter>
    </ResourceCompile>
  </ItemGroup>
</Project>